
Microsoft Visual Studio Solution File, Format Version 12.00
# Visual Studio 15
VisualStudioVersion = 15.0.26124.0
MinimumVisualStudioVersion = 15.0.26124.0
Project("{2150E333-8FDC-42A3-9474-1A3956D46DE8}") = "src", "src", "{5E680209-C89E-4B0E-B9C5-C6D26D43D327}"
EndProject
Project("{FAE04EC0-301F-11D3-BF4B-00C04F79EFBC}") = "IDisposable", "src\IDisposable\IDisposable.csproj", "{011688EE-2CB9-422E-B9CB-202AD2DE8037}"
EndProject
Global
	GlobalSection(SolutionConfigurationPlatforms) = preSolution
		Debug|Any CPU = Debug|Any CPU
		Debug|x64 = Debug|x64
		Debug|x86 = Debug|x86
		Release|Any CPU = Release|Any CPU
		Release|x64 = Release|x64
		Release|x86 = Release|x86
	EndGlobalSection
	GlobalSection(SolutionProperties) = preSolution
		HideSolutionNode = FALSE
	EndGlobalSection
	GlobalSection(ProjectConfigurationPlatforms) = postSolution
		{011688EE-2CB9-422E-B9CB-202AD2DE8037}.Debug|Any CPU.ActiveCfg = Debug|Any CPU
		{011688EE-2CB9-422E-B9CB-202AD2DE8037}.Debug|Any CPU.Build.0 = Debug|Any CPU
		{011688EE-2CB9-422E-B9CB-202AD2DE8037}.Debug|x64.ActiveCfg = Debug|Any CPU
		{011688EE-2CB9-422E-B9CB-202AD2DE8037}.Debug|x64.Build.0 = Debug|Any CPU
		{011688EE-2CB9-422E-B9CB-202AD2DE8037}.Debug|x86.ActiveCfg = Debug|Any CPU
		{011688EE-2CB9-422E-B9CB-202AD2DE8037}.Debug|x86.Build.0 = Debug|Any CPU
		{011688EE-2CB9-422E-B9CB-202AD2DE8037}.Release|Any CPU.ActiveCfg = Release|Any CPU
		{011688EE-2CB9-422E-B9CB-202AD2DE8037}.Release|Any CPU.Build.0 = Release|Any CPU
		{011688EE-2CB9-422E-B9CB-202AD2DE8037}.Release|x64.ActiveCfg = Release|Any CPU
		{011688EE-2CB9-422E-B9CB-202AD2DE8037}.Release|x64.Build.0 = Release|Any CPU
		{011688EE-2CB9-422E-B9CB-202AD2DE8037}.Release|x86.ActiveCfg = Release|Any CPU
		{011688EE-2CB9-422E-B9CB-202AD2DE8037}.Release|x86.Build.0 = Release|Any CPU
	EndGlobalSection
	GlobalSection(NestedProjects) = preSolution
		{011688EE-2CB9-422E-B9CB-202AD2DE8037} = {5E680209-C89E-4B0E-B9C5-C6D26D43D327}
	EndGlobalSection
EndGlobal
